
Microsoft Visual Studio Solution File, Format Version 12.00
# Visual Studio Version 16
VisualStudioVersion = 16.0.29920.165
MinimumVisualStudioVersion = 10.0.40219.1
Project("{FAE04EC0-301F-11D3-BF4B-00C04F79EFBC}") = "ProvaQAAnima", "ProvaQAAnima\ProvaQAAnima.csproj", "{5EF89C6F-D24A-449E-B1E2-28408F2E252A}"
EndProject
Global
	GlobalSection(SolutionConfigurationPlatforms) = preSolution
		Debug|Any CPU = Debug|Any CPU
		Release|Any CPU = Release|Any CPU
	EndGlobalSection
	GlobalSection(ProjectConfigurationPlatforms) = postSolution
		{5EF89C6F-D24A-449E-B1E2-28408F2E252A}.Debug|Any CPU.ActiveCfg = Debug|Any CPU
		{5EF89C6F-D24A-449E-B1E2-28408F2E252A}.Debug|Any CPU.Build.0 = Debug|Any CPU
		{5EF89C6F-D24A-449E-B1E2-28408F2E252A}.Release|Any CPU.ActiveCfg = Release|Any CPU
		{5EF89C6F-D24A-449E-B1E2-28408F2E252A}.Release|Any CPU.Build.0 = Release|Any CPU
	EndGlobalSection
	GlobalSection(SolutionProperties) = preSolution
		HideSolutionNode = FALSE
	EndGlobalSection
	GlobalSection(ExtensibilityGlobals) = postSolution
		SolutionGuid = {7F1A0895-7062-4E8B-883C-FC3159FFF0F7}
	EndGlobalSection
EndGlobal
